
Microsoft Visual Studio Solution File, Format Version 10.00
# Visual Studio 2008
Project("{8BC9CEB8-8B4A-11D0-8D11-00A0C91BC942}") = "ImageRecognition", "ImageRecognition\ImageRecognition.vcproj", "{6D1BCB04-2309-47CD-BAC8-BF33EA0BD4C7}"
EndProject
Global
	GlobalSection(SolutionConfigurationPlatforms) = preSolution
		Debug|Win32 = Debug|Win32
		Release|Win32 = Release|Win32
	EndGlobalSection
	GlobalSection(ProjectConfigurationPlatforms) = postSolution
		{6D1BCB04-2309-47CD-BAC8-BF33EA0BD4C7}.Debug|Win32.ActiveCfg = Debug|Win32
		{6D1BCB04-2309-47CD-BAC8-BF33EA0BD4C7}.Debug|Win32.Build.0 = Debug|Win32
		{6D1BCB04-2309-47CD-BAC8-BF33EA0BD4C7}.Release|Win32.ActiveCfg = Release|Win32
		{6D1BCB04-2309-47CD-BAC8-BF33EA0BD4C7}.Release|Win32.Build.0 = Release|Win32
	EndGlobalSection
	GlobalSection(SolutionProperties) = preSolution
		HideSolutionNode = FALSE
	EndGlobalSection
EndGlobal
